
Microsoft Visual Studio Solution File, Format Version 12.00
# Visual Studio Version 17
VisualStudioVersion = 17.12.35527.113
MinimumVisualStudioVersion = 10.0.40219.1
Project("{FAE04EC0-301F-11D3-BF4B-00C04F79EFBC}") = "Editor", "Editor\Editor.csproj", "{75066E65-93DD-4019-9418-750C424B3736}"
EndProject
Project("{8BC9CEB8-8B4A-11D0-8D11-00A0C91BC942}") = "Engine", "Engine\Engine.vcxproj", "{1913D056-E7AB-46EC-B8F7-A70E898016E7}"
EndProject
Global
	GlobalSection(SolutionConfigurationPlatforms) = preSolution
		Debug|Any CPU = Debug|Any CPU
		Debug|x64 = Debug|x64
		Release|Any CPU = Release|Any CPU
		Release|x64 = Release|x64
	EndGlobalSection
	GlobalSection(ProjectConfigurationPlatforms) = postSolution
		{1913D056-E7AB-46EC-B8F7-A70E898016E7}.Debug|Any CPU.ActiveCfg = Debug|x64
		{1913D056-E7AB-46EC-B8F7-A70E898016E7}.Debug|Any CPU.Build.0 = Debug|x64
		{1913D056-E7AB-46EC-B8F7-A70E898016E7}.Debug|x64.ActiveCfg = Debug|x64
		{1913D056-E7AB-46EC-B8F7-A70E898016E7}.Debug|x64.Build.0 = Debug|x64
		{1913D056-E7AB-46EC-B8F7-A70E898016E7}.Release|Any CPU.ActiveCfg = Release|x64
		{1913D056-E7AB-46EC-B8F7-A70E898016E7}.Release|Any CPU.Build.0 = Release|x64
		{1913D056-E7AB-46EC-B8F7-A70E898016E7}.Release|x64.ActiveCfg = Release|x64
		{1913D056-E7AB-46EC-B8F7-A70E898016E7}.Release|x64.Build.0 = Release|x64
		{75066E65-93DD-4019-9418-750C424B3736}.Debug|Any CPU.ActiveCfg = Debug|Any CPU
		{75066E65-93DD-4019-9418-750C424B3736}.Debug|Any CPU.Build.0 = Debug|Any CPU
		{75066E65-93DD-4019-9418-750C424B3736}.Debug|x64.ActiveCfg = Debug|Any CPU
		{75066E65-93DD-4019-9418-750C424B3736}.Debug|x64.Build.0 = Debug|Any CPU
		{75066E65-93DD-4019-9418-750C424B3736}.Release|Any CPU.ActiveCfg = Release|Any CPU
		{75066E65-93DD-4019-9418-750C424B3736}.Release|Any CPU.Build.0 = Release|Any CPU
		{75066E65-93DD-4019-9418-750C424B3736}.Release|x64.ActiveCfg = Release|Any CPU
		{75066E65-93DD-4019-9418-750C424B3736}.Release|x64.Build.0 = Release|Any CPU
	EndGlobalSection
	GlobalSection(SolutionProperties) = preSolution
		HideSolutionNode = FALSE
	EndGlobalSection
EndGlobal
